
Microsoft Visual Studio Solution File, Format Version 12.00
# Visual Studio Version 17
VisualStudioVersion = 17.2.32519.379
MinimumVisualStudioVersion = 10.0.40219.1
Project("{FAE04EC0-301F-11D3-BF4B-00C04F79EFBC}") = "Bronik", "Bronik\Bronik.csproj", "{F259E9C1-F515-45CB-9E0D-D7CC20872D2F}"
EndProject
Global
	GlobalSection(SolutionConfigurationPlatforms) = preSolution
		Debug|Any CPU = Debug|Any CPU
		Release|Any CPU = Release|Any CPU
	EndGlobalSection
	GlobalSection(ProjectConfigurationPlatforms) = postSolution
		{F259E9C1-F515-45CB-9E0D-D7CC20872D2F}.Debug|Any CPU.ActiveCfg = Debug|Any CPU
		{F259E9C1-F515-45CB-9E0D-D7CC20872D2F}.Debug|Any CPU.Build.0 = Debug|Any CPU
		{F259E9C1-F515-45CB-9E0D-D7CC20872D2F}.Release|Any CPU.ActiveCfg = Release|Any CPU
		{F259E9C1-F515-45CB-9E0D-D7CC20872D2F}.Release|Any CPU.Build.0 = Release|Any CPU
	EndGlobalSection
	GlobalSection(SolutionProperties) = preSolution
		HideSolutionNode = FALSE
	EndGlobalSection
	GlobalSection(ExtensibilityGlobals) = postSolution
		SolutionGuid = {B54C29D6-452D-472E-8CE2-77DB23C727B5}
	EndGlobalSection
EndGlobal
